
Microsoft Visual Studio Solution File, Format Version 12.00
# Visual Studio Version 17
VisualStudioVersion = 17.9.34407.89
MinimumVisualStudioVersion = 10.0.40219.1
Project("{FAE04EC0-301F-11D3-BF4B-00C04F79EFBC}") = "BaseClocks", "BaseClocks.csproj", "{B2959F52-58F3-4003-A6D9-F18428B1C8C2}"
EndProject
Project("{D954291E-2A0B-460D-934E-DC6B0785DB48}") = "RewrittenRamuneLib", "..\..\..\..\SubnauticaPlugins-Nautilus-main\RewrittenRamuneLibsn\RewrittenRamuneLib.shproj", "{EBB8A44E-C589-4F9B-BFE8-209603E19EEA}"
EndProject
Global
	GlobalSection(SolutionConfigurationPlatforms) = preSolution
		Debug|Any CPU = Debug|Any CPU
		Release|Any CPU = Release|Any CPU
	EndGlobalSection
	GlobalSection(ProjectConfigurationPlatforms) = postSolution
		{B2959F52-58F3-4003-A6D9-F18428B1C8C2}.Debug|Any CPU.ActiveCfg = Debug|Any CPU
		{B2959F52-58F3-4003-A6D9-F18428B1C8C2}.Debug|Any CPU.Build.0 = Debug|Any CPU
		{B2959F52-58F3-4003-A6D9-F18428B1C8C2}.Release|Any CPU.ActiveCfg = Release|Any CPU
		{B2959F52-58F3-4003-A6D9-F18428B1C8C2}.Release|Any CPU.Build.0 = Release|Any CPU
	EndGlobalSection
	GlobalSection(SolutionProperties) = preSolution
		HideSolutionNode = FALSE
	EndGlobalSection
	GlobalSection(ExtensibilityGlobals) = postSolution
		SolutionGuid = {4F60CB8C-5DAE-4DCE-B8E9-C6A1DEC96844}
	EndGlobalSection
	GlobalSection(SharedMSBuildProjectFiles) = preSolution
		..\..\..\..\SubnauticaPlugins-Nautilus-main\RewrittenRamuneLibsn\RewrittenRamuneLib.projitems*{b2959f52-58f3-4003-a6d9-f18428b1c8c2}*SharedItemsImports = 4
		..\..\..\..\SubnauticaPlugins-Nautilus-main\RewrittenRamuneLibsn\RewrittenRamuneLib.projitems*{ebb8a44e-c589-4f9b-bfe8-209603e19eea}*SharedItemsImports = 13
	EndGlobalSection
EndGlobal
